
Microsoft Visual Studio Solution File, Format Version 12.00
# Visual Studio 15
VisualStudioVersion = 15.0.28307.1758
MinimumVisualStudioVersion = 10.0.40219.1
Project("{FAE04EC0-301F-11D3-BF4B-00C04F79EFBC}") = "banco de talentos", "banco de talentos\banco de talentos.csproj", "{18234005-B62D-4441-A876-C47B9AB6186C}"
EndProject
Global
	GlobalSection(SolutionConfigurationPlatforms) = preSolution
		Debug|Any CPU = Debug|Any CPU
		Release|Any CPU = Release|Any CPU
	EndGlobalSection
	GlobalSection(ProjectConfigurationPlatforms) = postSolution
		{18234005-B62D-4441-A876-C47B9AB6186C}.Debug|Any CPU.ActiveCfg = Debug|Any CPU
		{18234005-B62D-4441-A876-C47B9AB6186C}.Debug|Any CPU.Build.0 = Debug|Any CPU
		{18234005-B62D-4441-A876-C47B9AB6186C}.Release|Any CPU.ActiveCfg = Release|Any CPU
		{18234005-B62D-4441-A876-C47B9AB6186C}.Release|Any CPU.Build.0 = Release|Any CPU
	EndGlobalSection
	GlobalSection(SolutionProperties) = preSolution
		HideSolutionNode = FALSE
	EndGlobalSection
	GlobalSection(ExtensibilityGlobals) = postSolution
		SolutionGuid = {B3B1158B-0167-4BB2-94E6-9FE906C430B0}
	EndGlobalSection
EndGlobal
